{
  "nodes": {
    "cudaTheme_darcula": {
      "flake": false,
      "locked": {
        "lastModified": 1716369286,
        "narHash": "sha256-rDX/WYc56Frm2LvhYNYJtbTPQqH/N4sbUeFE/kDsZI8=",
        "owner": "CudaText-addons",
        "repo": "cudatext-theme-darcula",
        "rev": "637d3c2687a3fc59cd00762123521ce2fb68aa1b",
        "type": "github"
      },
      "original": {
        "owner": "CudaText-addons",
        "repo": "cudatext-theme-darcula",
        "type": "github"
      }
    },
    "cuda_differ": {
      "flake": false,
      "locked": {
        "lastModified": 1749152809,
        "narHash": "sha256-uxo3z/fXPlSBFPHVoYQ1NRFmjQRYpQF22g+YN/pJLdo=",
        "owner": "CudaText-addons",
        "repo": "cuda_differ",
        "rev": "a57259f0c320a6d24dcc973fe1801b76d65d00f5",
        "type": "github"
      },
      "original": {
        "owner": "CudaText-addons",
        "repo": "cuda_differ",
        "type": "github"
      }
    },
    "cuda_find_in_files4": {
      "flake": false,
      "locked": {
        "lastModified": 1703766826,
        "narHash": "sha256-ty/DdSEuj7ABE2fAjNenbVlbmGafNymyiVWUMEM6s0c=",
        "owner": "CudaText-addons",
        "repo": "cuda_find_in_files4",
        "rev": "20e5a2f829d32a499ceb26c11aada79176075c26",
        "type": "github"
      },
      "original": {
        "owner": "CudaText-addons",
        "repo": "cuda_find_in_files4",
        "type": "github"
      }
    },
    "cuda_fmt": {
      "flake": false,
      "locked": {
        "lastModified": 1739955116,
        "narHash": "sha256-R9u1Ez+cONVpPKj5fDDvPC04MK27v8Opchq2sOIeiL8=",
        "owner": "CudaText-addons",
        "repo": "cuda_fmt",
        "rev": "30615b4c4166ce7e9923b157a16f5e9e30bc07ed",
        "type": "github"
      },
      "original": {
        "owner": "CudaText-addons",
        "repo": "cuda_fmt",
        "type": "github"
      }
    },
    "cuda_fmt_js": {
      "flake": false,
      "locked": {
        "lastModified": 1739955694,
        "narHash": "sha256-WxoCwiBGUWTvDQoP4rxZhdVKB0xpLRSQJNfxprfIiZg=",
        "owner": "CudaText-addons",
        "repo": "cuda_fmt_js",
        "rev": "6a0ed714b6cf7a99f102d92d0050bd87745f140b",
        "type": "github"
      },
      "original": {
        "owner": "CudaText-addons",
        "repo": "cuda_fmt_js",
        "type": "github"
      }
    },
    "cudatext-lexers": {
      "flake": false,
      "locked": {
        "lastModified": 1754144519,
        "narHash": "sha256-Wb7JLhi71GSBGBkAg5upe72yi0+6KJ/O4S+Lk/p4c+g=",
        "owner": "Alexey-T",
        "repo": "CudaText-lexers",
        "rev": "488cadcc8b05f5651c3a72d7c0728211939d3767",
        "type": "github"
      },
      "original": {
        "owner": "Alexey-T",
        "repo": "CudaText-lexers",
        "type": "github"
      }
    },
    "disko": {
      "inputs": {
        "nixpkgs": [
          "nixpkgs"
        ]
      },
      "locked": {
        "lastModified": 1753140376,
        "narHash": "sha256-7lrVrE0jSvZHrxEzvnfHFE/Wkk9DDqb+mYCodI5uuB8=",
        "owner": "nix-community",
        "repo": "disko",
        "rev": "545aba02960caa78a31bd9a8709a0ad4b6320a5c",
        "type": "github"
      },
      "original": {
        "owner": "nix-community",
        "repo": "disko",
        "type": "github"
      }
    },
    "firefox-addons": {
      "inputs": {
        "nixpkgs": [
          "nixpkgs"
        ]
      },
      "locked": {
        "dir": "pkgs/firefox-addons",
        "lastModified": 1754138575,
        "narHash": "sha256-6foT7Sflve4XuLnBKkgN9b9IP4FvdoBA2XQ2IyXmbog=",
        "owner": "rycee",
        "repo": "nur-expressions",
        "rev": "27c945a6450d42c62f7e41019d7931b426bb786f",
        "type": "gitlab"
      },
      "original": {
        "dir": "pkgs/firefox-addons",
        "owner": "rycee",
        "repo": "nur-expressions",
        "type": "gitlab"
      }
    },
    "flake-utils": {
      "inputs": {
        "systems": "systems"
      },
      "locked": {
        "lastModified": 1731533236,
        "narHash": "sha256-l0KFg5HjrsfsO/JpG+r7fRrqm12kzFHyUHqHCVpMMbI=",
        "owner": "numtide",
        "repo": "flake-utils",
        "rev": "11707dc2f618dd54ca8739b309ec4fc024de578b",
        "type": "github"
      },
      "original": {
        "owner": "numtide",
        "repo": "flake-utils",
        "type": "github"
      }
    },
    "geany-themes": {
      "flake": false,
      "locked": {
        "lastModified": 1750888446,
        "narHash": "sha256-IwtVTNZRV0IZeeDBvALfaNVrli7gNI/iTTIFZB5rUrU=",
        "owner": "geany",
        "repo": "geany-themes",
        "rev": "08a7937cc92a6402b4dd66d15bfe4c74719c420c",
        "type": "github"
      },
      "original": {
        "owner": "geany",
        "repo": "geany-themes",
        "type": "github"
      }
    },
    "hardware": {
      "locked": {
        "lastModified": 1753122741,
        "narHash": "sha256-nFxE8lk9JvGelxClCmwuJYftbHqwnc01dRN4DVLUroM=",
        "owner": "nixos",
        "repo": "nixos-hardware",
        "rev": "cc66fddc6cb04ab479a1bb062f4d4da27c936a22",
        "type": "github"
      },
      "original": {
        "owner": "nixos",
        "repo": "nixos-hardware",
        "type": "github"
      }
    },
    "home-manager": {
      "inputs": {
        "nixpkgs": [
          "nixpkgs"
        ]
      },
      "locked": {
        "lastModified": 1754085240,
        "narHash": "sha256-kVHCrTWEe8B1thAhFag1bk4QPY0ZP45V9vPbrwPHoNo=",
        "owner": "nix-community",
        "repo": "home-manager",
        "rev": "e102920c1becb114645c6f92fe14edc0b05cc229",
        "type": "github"
      },
      "original": {
        "owner": "nix-community",
        "repo": "home-manager",
        "type": "github"
      }
    },
    "impermanence": {
      "locked": {
        "lastModified": 1737831083,
        "narHash": "sha256-LJggUHbpyeDvNagTUrdhe/pRVp4pnS6wVKALS782gRI=",
        "owner": "nix-community",
        "repo": "impermanence",
        "rev": "4b3e914cdf97a5b536a889e939fb2fd2b043a170",
        "type": "github"
      },
      "original": {
        "owner": "nix-community",
        "repo": "impermanence",
        "type": "github"
      }
    },
    "nix-vscode-extensions": {
      "inputs": {
        "flake-utils": "flake-utils",
        "nixpkgs": "nixpkgs"
      },
      "locked": {
        "lastModified": 1754100706,
        "narHash": "sha256-ctRwk+Fjl/jxN+J6GjD9pYmnyHvgR2ub04q1pXeaAho=",
        "owner": "nix-community",
        "repo": "nix-vscode-extensions",
        "rev": "1656ec240ab8de9f78eba6f38c5ae5f0d5c6d936",
        "type": "github"
      },
      "original": {
        "owner": "nix-community",
        "repo": "nix-vscode-extensions",
        "type": "github"
      }
    },
    "nixpkgs": {
      "locked": {
        "lastModified": 1744868846,
        "narHash": "sha256-5RJTdUHDmj12Qsv7XOhuospjAjATNiTMElplWnJE9Hs=",
        "owner": "NixOS",
        "repo": "nixpkgs",
        "rev": "ebe4301cbd8f81c4f8d3244b3632338bbeb6d49c",
        "type": "github"
      },
      "original": {
        "owner": "NixOS",
        "repo": "nixpkgs",
        "rev": "ebe4301cbd8f81c4f8d3244b3632338bbeb6d49c",
        "type": "github"
      }
    },
    "nixpkgs-f89c670": {
      "locked": {
        "lastModified": 1712655499,
        "narHash": "sha256-CiO4kV/eOhSvRb6tPvRgWtDCSikMYbRENWjCF000EF0=",
        "owner": "nixos",
        "repo": "nixpkgs",
        "rev": "f89c670a01ba9b5e2c29c2f692fd654dfab686b5",
        "type": "github"
      },
      "original": {
        "owner": "nixos",
        "repo": "nixpkgs",
        "rev": "f89c670a01ba9b5e2c29c2f692fd654dfab686b5",
        "type": "github"
      }
    },
    "nixpkgs_2": {
      "locked": {
        "lastModified": 1753939845,
        "narHash": "sha256-K2ViRJfdVGE8tpJejs8Qpvvejks1+A4GQej/lBk5y7I=",
        "owner": "nixos",
        "repo": "nixpkgs",
        "rev": "94def634a20494ee057c76998843c015909d6311",
        "type": "github"
      },
      "original": {
        "owner": "nixos",
        "ref": "nixos-unstable",
        "repo": "nixpkgs",
        "type": "github"
      }
    },
    "root": {
      "inputs": {
        "cudaTheme_darcula": "cudaTheme_darcula",
        "cuda_differ": "cuda_differ",
        "cuda_find_in_files4": "cuda_find_in_files4",
        "cuda_fmt": "cuda_fmt",
        "cuda_fmt_js": "cuda_fmt_js",
        "cudatext-lexers": "cudatext-lexers",
        "disko": "disko",
        "firefox-addons": "firefox-addons",
        "geany-themes": "geany-themes",
        "hardware": "hardware",
        "home-manager": "home-manager",
        "impermanence": "impermanence",
        "nix-vscode-extensions": "nix-vscode-extensions",
        "nixpkgs": "nixpkgs_2",
        "nixpkgs-f89c670": "nixpkgs-f89c670",
        "sops-nix": "sops-nix"
      }
    },
    "sops-nix": {
      "inputs": {
        "nixpkgs": [
          "nixpkgs"
        ]
      },
      "locked": {
        "lastModified": 1752544651,
        "narHash": "sha256-GllP7cmQu7zLZTs9z0J2gIL42IZHa9CBEXwBY9szT0U=",
        "owner": "Mic92",
        "repo": "sops-nix",
        "rev": "2c8def626f54708a9c38a5861866660395bb3461",
        "type": "github"
      },
      "original": {
        "owner": "Mic92",
        "repo": "sops-nix",
        "type": "github"
      }
    },
    "systems": {
      "locked": {
        "lastModified": 1681028828,
        "narHash": "sha256-Vy1rq5AaRuLzOxct8nz4T6wlgyUR7zLU309k9mBC768=",
        "owner": "nix-systems",
        "repo": "default",
        "rev": "da67096a3b9bf56a91d16901293e51ba5b49a27e",
        "type": "github"
      },
      "original": {
        "owner": "nix-systems",
        "repo": "default",
        "type": "github"
      }
    }
  },
  "root": "root",
  "version": 7
}
