{
  "nodes": {
    "betterfox": {
      "flake": false,
      "locked": {
        "lastModified": 1761706852,
        "narHash": "sha256-sZEgmCrAm0SnRoFmn8glScII07Kvpa6cYdC6jHHQmMI=",
        "owner": "yokoffing",
        "repo": "Betterfox",
        "rev": "3b159ac8fbb3d5921db8ff1763aa51cff12ea1ec",
        "type": "github"
      },
      "original": {
        "owner": "yokoffing",
        "repo": "Betterfox",
        "type": "github"
      }
    },
    "cudaTheme_darcula": {
      "flake": false,
      "locked": {
        "lastModified": 1716369286,
        "narHash": "sha256-rDX/WYc56Frm2LvhYNYJtbTPQqH/N4sbUeFE/kDsZI8=",
        "owner": "CudaText-addons",
        "repo": "cudatext-theme-darcula",
        "rev": "637d3c2687a3fc59cd00762123521ce2fb68aa1b",
        "type": "github"
      },
      "original": {
        "owner": "CudaText-addons",
        "repo": "cudatext-theme-darcula",
        "type": "github"
      }
    },
    "cuda_differ": {
      "flake": false,
      "locked": {
        "lastModified": 1749152809,
        "narHash": "sha256-uxo3z/fXPlSBFPHVoYQ1NRFmjQRYpQF22g+YN/pJLdo=",
        "owner": "CudaText-addons",
        "repo": "cuda_differ",
        "rev": "a57259f0c320a6d24dcc973fe1801b76d65d00f5",
        "type": "github"
      },
      "original": {
        "owner": "CudaText-addons",
        "repo": "cuda_differ",
        "type": "github"
      }
    },
    "cuda_find_in_files4": {
      "flake": false,
      "locked": {
        "lastModified": 1703766826,
        "narHash": "sha256-ty/DdSEuj7ABE2fAjNenbVlbmGafNymyiVWUMEM6s0c=",
        "owner": "CudaText-addons",
        "repo": "cuda_find_in_files4",
        "rev": "20e5a2f829d32a499ceb26c11aada79176075c26",
        "type": "github"
      },
      "original": {
        "owner": "CudaText-addons",
        "repo": "cuda_find_in_files4",
        "type": "github"
      }
    },
    "cuda_fmt": {
      "flake": false,
      "locked": {
        "lastModified": 1739955116,
        "narHash": "sha256-R9u1Ez+cONVpPKj5fDDvPC04MK27v8Opchq2sOIeiL8=",
        "owner": "CudaText-addons",
        "repo": "cuda_fmt",
        "rev": "30615b4c4166ce7e9923b157a16f5e9e30bc07ed",
        "type": "github"
      },
      "original": {
        "owner": "CudaText-addons",
        "repo": "cuda_fmt",
        "type": "github"
      }
    },
    "cuda_fmt_js": {
      "flake": false,
      "locked": {
        "lastModified": 1739955694,
        "narHash": "sha256-WxoCwiBGUWTvDQoP4rxZhdVKB0xpLRSQJNfxprfIiZg=",
        "owner": "CudaText-addons",
        "repo": "cuda_fmt_js",
        "rev": "6a0ed714b6cf7a99f102d92d0050bd87745f140b",
        "type": "github"
      },
      "original": {
        "owner": "CudaText-addons",
        "repo": "cuda_fmt_js",
        "type": "github"
      }
    },
    "cudatext-lexers": {
      "flake": false,
      "locked": {
        "lastModified": 1760463271,
        "narHash": "sha256-p6ciXrzW2LhlHgiR3ZUGb0HmhSqBPh8P7Nc+Kel1fXs=",
        "owner": "Alexey-T",
        "repo": "CudaText-lexers",
        "rev": "3c143947204e6695f26ff6880e77b520fd232786",
        "type": "github"
      },
      "original": {
        "owner": "Alexey-T",
        "repo": "CudaText-lexers",
        "type": "github"
      }
    },
    "disko": {
      "inputs": {
        "nixpkgs": [
          "nixpkgs"
        ]
      },
      "locked": {
        "lastModified": 1762276996,
        "narHash": "sha256-TtcPgPmp2f0FAnc+DMEw4ardEgv1SGNR3/WFGH0N19M=",
        "owner": "nix-community",
        "repo": "disko",
        "rev": "af087d076d3860760b3323f6b583f4d828c1ac17",
        "type": "github"
      },
      "original": {
        "owner": "nix-community",
        "repo": "disko",
        "type": "github"
      }
    },
    "firefox-addons": {
      "inputs": {
        "nixpkgs": [
          "nixpkgs"
        ]
      },
      "locked": {
        "dir": "pkgs/firefox-addons",
        "lastModified": 1763006617,
        "narHash": "sha256-NWZA7oqOfzIpFiM2r5J0UIzOIwC0Gz51VTG2cfR3aH4=",
        "owner": "rycee",
        "repo": "nur-expressions",
        "rev": "cf9737d7dd92ccf355f1b910817275b76363fdb9",
        "type": "gitlab"
      },
      "original": {
        "dir": "pkgs/firefox-addons",
        "owner": "rycee",
        "repo": "nur-expressions",
        "type": "gitlab"
      }
    },
    "geany-themes": {
      "flake": false,
      "locked": {
        "lastModified": 1757847810,
        "narHash": "sha256-dI5YoWJrXs+uth3O0pqLRnOmhwu126H18mNMlo1JEec=",
        "owner": "geany",
        "repo": "geany-themes",
        "rev": "92308bf784883e9dd12c37901b50ab3f63f633d4",
        "type": "github"
      },
      "original": {
        "owner": "geany",
        "repo": "geany-themes",
        "type": "github"
      }
    },
    "hardware": {
      "locked": {
        "lastModified": 1762847253,
        "narHash": "sha256-BWWnUUT01lPwCWUvS0p6Px5UOBFeXJ8jR+ZdLX8IbrU=",
        "owner": "nixos",
        "repo": "nixos-hardware",
        "rev": "899dc449bc6428b9ee6b3b8f771ca2b0ef945ab9",
        "type": "github"
      },
      "original": {
        "owner": "nixos",
        "repo": "nixos-hardware",
        "type": "github"
      }
    },
    "home-manager": {
      "inputs": {
        "nixpkgs": [
          "nixpkgs"
        ]
      },
      "locked": {
        "lastModified": 1762964643,
        "narHash": "sha256-RYHN8O/Aja59XDji6WSJZPkJpYVUfpSkyH+PEupBJqM=",
        "owner": "nix-community",
        "repo": "home-manager",
        "rev": "827f2a23373a774a8805f84ca5344654c31f354b",
        "type": "github"
      },
      "original": {
        "owner": "nix-community",
        "repo": "home-manager",
        "type": "github"
      }
    },
    "impermanence": {
      "locked": {
        "lastModified": 1746558603,
        "narHash": "sha256-i1k39nPOLt2xITnM2LepJnfMIrd8PF8wrOylQIcxtSo=",
        "owner": "uonr",
        "repo": "impermanence",
        "rev": "454b64bebb2766c2665743d3cc83dcf3a9dd0891",
        "type": "github"
      },
      "original": {
        "owner": "uonr",
        "repo": "impermanence",
        "rev": "454b64bebb2766c2665743d3cc83dcf3a9dd0891",
        "type": "github"
      }
    },
    "nix-vscode-extensions": {
      "inputs": {
        "nixpkgs": "nixpkgs"
      },
      "locked": {
        "lastModified": 1762999120,
        "narHash": "sha256-cT/Ynb323Zlh/bJ+ICGhXv38xsTjDyDisCNoL5jmTk4=",
        "owner": "nix-community",
        "repo": "nix-vscode-extensions",
        "rev": "acc40f7808fcaa0f96cded3d56285656b7684558",
        "type": "github"
      },
      "original": {
        "owner": "nix-community",
        "repo": "nix-vscode-extensions",
        "type": "github"
      }
    },
    "nixpkgs": {
      "locked": {
        "lastModified": 1759770925,
        "narHash": "sha256-CZwkCtzTNclqlhuwDsVtGoRumTpqCUK0xSnFIMgd8ls=",
        "owner": "nixos",
        "repo": "nixpkgs",
        "rev": "674c2b09c59a220204350ced584cadaacee30038",
        "type": "github"
      },
      "original": {
        "owner": "nixos",
        "repo": "nixpkgs",
        "rev": "674c2b09c59a220204350ced584cadaacee30038",
        "type": "github"
      }
    },
    "nixpkgs-f89c670": {
      "locked": {
        "lastModified": 1712655499,
        "narHash": "sha256-CiO4kV/eOhSvRb6tPvRgWtDCSikMYbRENWjCF000EF0=",
        "owner": "nixos",
        "repo": "nixpkgs",
        "rev": "f89c670a01ba9b5e2c29c2f692fd654dfab686b5",
        "type": "github"
      },
      "original": {
        "owner": "nixos",
        "repo": "nixpkgs",
        "rev": "f89c670a01ba9b5e2c29c2f692fd654dfab686b5",
        "type": "github"
      }
    },
    "nixpkgs_2": {
      "locked": {
        "lastModified": 1762844143,
        "narHash": "sha256-SlybxLZ1/e4T2lb1czEtWVzDCVSTvk9WLwGhmxFmBxI=",
        "owner": "nixos",
        "repo": "nixpkgs",
        "rev": "9da7f1cf7f8a6e2a7cb3001b048546c92a8258b4",
        "type": "github"
      },
      "original": {
        "owner": "nixos",
        "ref": "nixos-unstable",
        "repo": "nixpkgs",
        "type": "github"
      }
    },
    "root": {
      "inputs": {
        "betterfox": "betterfox",
        "cudaTheme_darcula": "cudaTheme_darcula",
        "cuda_differ": "cuda_differ",
        "cuda_find_in_files4": "cuda_find_in_files4",
        "cuda_fmt": "cuda_fmt",
        "cuda_fmt_js": "cuda_fmt_js",
        "cudatext-lexers": "cudatext-lexers",
        "disko": "disko",
        "firefox-addons": "firefox-addons",
        "geany-themes": "geany-themes",
        "hardware": "hardware",
        "home-manager": "home-manager",
        "impermanence": "impermanence",
        "nix-vscode-extensions": "nix-vscode-extensions",
        "nixpkgs": "nixpkgs_2",
        "nixpkgs-f89c670": "nixpkgs-f89c670",
        "sops-nix": "sops-nix"
      }
    },
    "sops-nix": {
      "inputs": {
        "nixpkgs": [
          "nixpkgs"
        ]
      },
      "locked": {
        "lastModified": 1763023272,
        "narHash": "sha256-TCVNCn/GcKhwm+WlSJEZEPW4ISQdU9ICIU3lTiOLBYc=",
        "owner": "Mic92",
        "repo": "sops-nix",
        "rev": "b80c966e70fa0615352c9596315678df1de75801",
        "type": "github"
      },
      "original": {
        "owner": "Mic92",
        "repo": "sops-nix",
        "type": "github"
      }
    }
  },
  "root": "root",
  "version": 7
}
