{
  "nodes": {
    "cudaTheme_darcula": {
      "flake": false,
      "locked": {
        "lastModified": 1652573498,
        "narHash": "sha256-aup1DNZlcOuYQEKm7MKLfLbXiR52m9Znr52SR9OCMYg=",
        "owner": "CudaText-addons",
        "repo": "cudatext-theme-darcula",
        "rev": "4a0032b6bead233bb7786507e74754d25d1abfe5",
        "type": "github"
      },
      "original": {
        "owner": "CudaText-addons",
        "repo": "cudatext-theme-darcula",
        "type": "github"
      }
    },
    "cuda_differ": {
      "flake": false,
      "locked": {
        "lastModified": 1696262054,
        "narHash": "sha256-ifStE6AXji37Mvc9Ffwi/E2wed9jpJJ6WoHePeT2RbU=",
        "owner": "CudaText-addons",
        "repo": "cuda_differ",
        "rev": "ac8938041ad307ce59021f5ff5d90fb30a3f2b75",
        "type": "github"
      },
      "original": {
        "owner": "CudaText-addons",
        "repo": "cuda_differ",
        "type": "github"
      }
    },
    "cuda_find_in_files4": {
      "flake": false,
      "locked": {
        "lastModified": 1703766826,
        "narHash": "sha256-ty/DdSEuj7ABE2fAjNenbVlbmGafNymyiVWUMEM6s0c=",
        "owner": "CudaText-addons",
        "repo": "cuda_find_in_files4",
        "rev": "20e5a2f829d32a499ceb26c11aada79176075c26",
        "type": "github"
      },
      "original": {
        "owner": "CudaText-addons",
        "repo": "cuda_find_in_files4",
        "type": "github"
      }
    },
    "cuda_fmt": {
      "flake": false,
      "locked": {
        "lastModified": 1693066346,
        "narHash": "sha256-N1VtMaKDp6V2hTpqVTt0RugJ+sF6GPD1gDjW3jGfoCA=",
        "owner": "CudaText-addons",
        "repo": "cuda_fmt",
        "rev": "ae26d6528d9f4401ceb299ef4ab2de3d51a58b8e",
        "type": "github"
      },
      "original": {
        "owner": "CudaText-addons",
        "repo": "cuda_fmt",
        "type": "github"
      }
    },
    "cuda_fmt_js": {
      "flake": false,
      "locked": {
        "lastModified": 1693039910,
        "narHash": "sha256-TzRQK9mLgWX3n8Me98lqFlM8c82FLF1PKJeIyOnLriI=",
        "owner": "CudaText-addons",
        "repo": "cuda_fmt_js",
        "rev": "046c96378ba3e86ce75fbdd34c15113c28320c31",
        "type": "github"
      },
      "original": {
        "owner": "CudaText-addons",
        "repo": "cuda_fmt_js",
        "type": "github"
      }
    },
    "firefox-addons": {
      "inputs": {
        "flake-utils": "flake-utils",
        "nixpkgs": [
          "nixpkgs"
        ]
      },
      "locked": {
        "dir": "pkgs/firefox-addons",
        "lastModified": 1709697844,
        "narHash": "sha256-QrAdgOiy124SnWquVBhQwWKHiDQzc4HIII4foBMZ+6M=",
        "owner": "rycee",
        "repo": "nur-expressions",
        "rev": "d677badd53c5f5219441ee2b5e27eb209e4d6e7c",
        "type": "gitlab"
      },
      "original": {
        "dir": "pkgs/firefox-addons",
        "owner": "rycee",
        "repo": "nur-expressions",
        "type": "gitlab"
      }
    },
    "flake-utils": {
      "locked": {
        "lastModified": 1629284811,
        "narHash": "sha256-JHgasjPR0/J1J3DRm4KxM4zTyAj4IOJY8vIl75v/kPI=",
        "owner": "numtide",
        "repo": "flake-utils",
        "rev": "c5d161cc0af116a2e17f54316f0bf43f0819785c",
        "type": "github"
      },
      "original": {
        "owner": "numtide",
        "repo": "flake-utils",
        "type": "github"
      }
    },
    "geany-themes": {
      "flake": false,
      "locked": {
        "lastModified": 1699868950,
        "narHash": "sha256-FmxuuJ3ATNNMNtgDaPpCNqF8dmAxXcCjWq+OwtQCfnU=",
        "owner": "geany",
        "repo": "geany-themes",
        "rev": "b4b0ba9687d80fb22f4d234ca1b16445a7071e81",
        "type": "github"
      },
      "original": {
        "owner": "geany",
        "repo": "geany-themes",
        "type": "github"
      }
    },
    "hardware": {
      "locked": {
        "lastModified": 1709410583,
        "narHash": "sha256-esOSUoQ7mblwcsSea0K17McZuwAIjoS6dq/4b83+lvw=",
        "owner": "nixos",
        "repo": "nixos-hardware",
        "rev": "59e37017b9ed31dee303dbbd4531c594df95cfbc",
        "type": "github"
      },
      "original": {
        "owner": "nixos",
        "repo": "nixos-hardware",
        "type": "github"
      }
    },
    "home-manager": {
      "inputs": {
        "nixpkgs": [
          "nixpkgs"
        ]
      },
      "locked": {
        "lastModified": 1709677162,
        "narHash": "sha256-nIXa0KM3FOVjD3XDDigW12qktQvLG+uKuPg00rjIX/8=",
        "owner": "nix-community",
        "repo": "home-manager",
        "rev": "bdea159ffab9865f808b8d92fd2bef33521867b2",
        "type": "github"
      },
      "original": {
        "owner": "nix-community",
        "repo": "home-manager",
        "type": "github"
      }
    },
    "nixpkgs": {
      "locked": {
        "lastModified": 1709479366,
        "narHash": "sha256-n6F0n8UV6lnTZbYPl1A9q1BS0p4hduAv1mGAP17CVd0=",
        "owner": "nixos",
        "repo": "nixpkgs",
        "rev": "b8697e57f10292a6165a20f03d2f42920dfaf973",
        "type": "github"
      },
      "original": {
        "owner": "nixos",
        "ref": "nixos-unstable",
        "repo": "nixpkgs",
        "type": "github"
      }
    },
    "nixpkgs-stable": {
      "locked": {
        "lastModified": 1709428628,
        "narHash": "sha256-//ZCCnpVai/ShtO2vPjh3AWgo8riXCaret6V9s7Hew4=",
        "owner": "NixOS",
        "repo": "nixpkgs",
        "rev": "66d65cb00b82ffa04ee03347595aa20e41fe3555",
        "type": "github"
      },
      "original": {
        "owner": "NixOS",
        "ref": "release-23.11",
        "repo": "nixpkgs",
        "type": "github"
      }
    },
    "root": {
      "inputs": {
        "cudaTheme_darcula": "cudaTheme_darcula",
        "cuda_differ": "cuda_differ",
        "cuda_find_in_files4": "cuda_find_in_files4",
        "cuda_fmt": "cuda_fmt",
        "cuda_fmt_js": "cuda_fmt_js",
        "firefox-addons": "firefox-addons",
        "geany-themes": "geany-themes",
        "hardware": "hardware",
        "home-manager": "home-manager",
        "nixpkgs": "nixpkgs",
        "sops-nix": "sops-nix"
      }
    },
    "sops-nix": {
      "inputs": {
        "nixpkgs": [
          "nixpkgs"
        ],
        "nixpkgs-stable": "nixpkgs-stable"
      },
      "locked": {
        "lastModified": 1709591996,
        "narHash": "sha256-0sQcalXSgqlO6mnxBTXkSQChBHy2GQsokB1XY8r+LpQ=",
        "owner": "Mic92",
        "repo": "sops-nix",
        "rev": "291aad29b59ceda517a06e59809f35cb0bb17c6b",
        "type": "github"
      },
      "original": {
        "owner": "Mic92",
        "repo": "sops-nix",
        "type": "github"
      }
    }
  },
  "root": "root",
  "version": 7
}
